// !$*UTF8*$!
{
	archiveVersion = 1;
	classes = {
	};
	objectVersion = 56;
	objects = {

/* Begin PBXBuildFile section */
		793B21A92BAD08C4001AC549 /* DreamLogApp.swift in Sources */ = {isa = PBXBuildFile; fileRef = 793B21A82BAD08C4001AC549 /* DreamLogApp.swift */; };
		793B21AB2BAD08C4001AC549 /* ContentView.swift in Sources */ = {isa = PBXBuildFile; fileRef = 793B21AA2BAD08C4001AC549 /* ContentView.swift */; };
		793B21AD2BAD08C5001AC549 /* Assets.xcassets in Resources */ = {isa = PBXBuildFile; fileRef = 793B21AC2BAD08C5001AC549 /* Assets.xcassets */; };
		793B21B02BAD08C5001AC549 /* Preview Assets.xcassets in Resources */ = {isa = PBXBuildFile; fileRef = 793B21AF2BAD08C5001AC549 /* Preview Assets.xcassets */; };
		793B21B92BAD0939001AC549 /* JournalView.swift in Sources */ = {isa = PBXBuildFile; fileRef = 793B21B82BAD0939001AC549 /* JournalView.swift */; };
		793B21BB2BAD098B001AC549 /* CalendarView.swift in Sources */ = {isa = PBXBuildFile; fileRef = 793B21BA2BAD098B001AC549 /* CalendarView.swift */; };
		793B21BD2BAD0991001AC549 /* MyView.swift in Sources */ = {isa = PBXBuildFile; fileRef = 793B21BC2BAD0991001AC549 /* MyView.swift */; };
		793B21BF2BAD1555001AC549 /* WriteView.swift in Sources */ = {isa = PBXBuildFile; fileRef = 793B21BE2BAD1555001AC549 /* WriteView.swift */; };
		793B21C12BB00651001AC549 /* SummaryView.swift in Sources */ = {isa = PBXBuildFile; fileRef = 793B21C02BB00651001AC549 /* SummaryView.swift */; };
		793B21C32BB14566001AC549 /* FullTextView.swift in Sources */ = {isa = PBXBuildFile; fileRef = 793B21C22BB14566001AC549 /* FullTextView.swift */; };
		793B21C52BB1485B001AC549 /* ResultView.swift in Sources */ = {isa = PBXBuildFile; fileRef = 793B21C42BB1485B001AC549 /* ResultView.swift */; };
		793B21C72BB29DEF001AC549 /* ListView.swift in Sources */ = {isa = PBXBuildFile; fileRef = 793B21C62BB29DEF001AC549 /* ListView.swift */; };
		793B21C92BB29E35001AC549 /* GatherView.swift in Sources */ = {isa = PBXBuildFile; fileRef = 793B21C82BB29E35001AC549 /* GatherView.swift */; };
/* End PBXBuildFile section */

/* Begin PBXFileReference section */
		793B21A52BAD08C4001AC549 /* DreamLog.app */ = {isa = PBXFileReference; explicitFileType = wrapper.application; includeInIndex = 0; path = DreamLog.app; sourceTree = BUILT_PRODUCTS_DIR; };
		793B21A82BAD08C4001AC549 /* DreamLogApp.swift */ = {isa = PBXFileReference; lastKnownFileType = sourcecode.swift; path = DreamLogApp.swift; sourceTree = "<group>"; };
		793B21AA2BAD08C4001AC549 /* ContentView.swift */ = {isa = PBXFileReference; lastKnownFileType = sourcecode.swift; path = ContentView.swift; sourceTree = "<group>"; };
		793B21AC2BAD08C5001AC549 /* Assets.xcassets */ = {isa = PBXFileReference; lastKnownFileType = folder.assetcatalog; path = Assets.xcassets; sourceTree = "<group>"; };
		793B21AF2BAD08C5001AC549 /* Preview Assets.xcassets */ = {isa = PBXFileReference; lastKnownFileType = folder.assetcatalog; path = "Preview Assets.xcassets"; sourceTree = "<group>"; };
		793B21B82BAD0939001AC549 /* JournalView.swift */ = {isa = PBXFileReference; lastKnownFileType = sourcecode.swift; path = JournalView.swift; sourceTree = "<group>"; };
		793B21BA2BAD098B001AC549 /* CalendarView.swift */ = {isa = PBXFileReference; lastKnownFileType = sourcecode.swift; path = CalendarView.swift; sourceTree = "<group>"; };
		793B21BC2BAD0991001AC549 /* MyView.swift */ = {isa = PBXFileReference; lastKnownFileType = sourcecode.swift; path = MyView.swift; sourceTree = "<group>"; };
		793B21BE2BAD1555001AC549 /* WriteView.swift */ = {isa = PBXFileReference; lastKnownFileType = sourcecode.swift; path = WriteView.swift; sourceTree = "<group>"; };
		793B21C02BB00651001AC549 /* SummaryView.swift */ = {isa = PBXFileReference; lastKnownFileType = sourcecode.swift; path = SummaryView.swift; sourceTree = "<group>"; };
		793B21C22BB14566001AC549 /* FullTextView.swift */ = {isa = PBXFileReference; lastKnownFileType = sourcecode.swift; path = FullTextView.swift; sourceTree = "<group>"; };
		793B21C42BB1485B001AC549 /* ResultView.swift */ = {isa = PBXFileReference; lastKnownFileType = sourcecode.swift; path = ResultView.swift; sourceTree = "<group>"; };
		793B21C62BB29DEF001AC549 /* ListView.swift */ = {isa = PBXFileReference; lastKnownFileType = sourcecode.swift; path = ListView.swift; sourceTree = "<group>"; };
		793B21C82BB29E35001AC549 /* GatherView.swift */ = {isa = PBXFileReference; lastKnownFileType = sourcecode.swift; path = GatherView.swift; sourceTree = "<group>"; };
/* End PBXFileReference section */

/* Begin PBXFrameworksBuildPhase section */
		793B21A22BAD08C4001AC549 /* Frameworks */ = {
			isa = PBXFrameworksBuildPhase;
			buildActionMask = 2147483647;
			files = (
			);
			runOnlyForDeploymentPostprocessing = 0;
		};
/* End PBXFrameworksBuildPhase section */

/* Begin PBXGroup section */
		793B219C2BAD08C4001AC549 = {
			isa = PBXGroup;
			children = (
				793B21A72BAD08C4001AC549 /* DreamLog */,
				793B21A62BAD08C4001AC549 /* Products */,
			);
			sourceTree = "<group>";
		};
		793B21A62BAD08C4001AC549 /* Products */ = {
			isa = PBXGroup;
			children = (
				793B21A52BAD08C4001AC549 /* DreamLog.app */,
			);
			name = Products;
			sourceTree = "<group>";
		};
		793B21A72BAD08C4001AC549 /* DreamLog */ = {
			isa = PBXGroup;
			children = (
				793B21A82BAD08C4001AC549 /* DreamLogApp.swift */,
				793B21AA2BAD08C4001AC549 /* ContentView.swift */,
				793B21B82BAD0939001AC549 /* JournalView.swift */,
				793B21BE2BAD1555001AC549 /* WriteView.swift */,
				793B21C42BB1485B001AC549 /* ResultView.swift */,
				793B21C02BB00651001AC549 /* SummaryView.swift */,
				793B21C22BB14566001AC549 /* FullTextView.swift */,
				793B21C82BB29E35001AC549 /* GatherView.swift */,
				793B21BA2BAD098B001AC549 /* CalendarView.swift */,
				793B21C62BB29DEF001AC549 /* ListView.swift */,
				793B21BC2BAD0991001AC549 /* MyView.swift */,
				793B21AC2BAD08C5001AC549 /* Assets.xcassets */,
				793B21AE2BAD08C5001AC549 /* Preview Content */,
			);
			path = DreamLog;
			sourceTree = "<group>";
		};
		793B21AE2BAD08C5001AC549 /* Preview Content */ = {
			isa = PBXGroup;
			children = (
				793B21AF2BAD08C5001AC549 /* Preview Assets.xcassets */,
			);
			path = "Preview Content";
			sourceTree = "<group>";
		};
/* End PBXGroup section */

/* Begin PBXNativeTarget section */
		793B21A42BAD08C4001AC549 /* DreamLog */ = {
			isa = PBXNativeTarget;
			buildConfigurationList = 793B21B32BAD08C5001AC549 /* Build configuration list for PBXNativeTarget "DreamLog" */;
			buildPhases = (
				793B21A12BAD08C4001AC549 /* Sources */,
				793B21A22BAD08C4001AC549 /* Frameworks */,
				793B21A32BAD08C4001AC549 /* Resources */,
			);
			buildRules = (
			);
			dependencies = (
			);
			name = DreamLog;
			productName = DreamLog;
			productReference = 793B21A52BAD08C4001AC549 /* DreamLog.app */;
			productType = "com.apple.product-type.application";
		};
/* End PBXNativeTarget section */

/* Begin PBXProject section */
		793B219D2BAD08C4001AC549 /* Project object */ = {
			isa = PBXProject;
			attributes = {
				BuildIndependentTargetsInParallel = 1;
				LastSwiftUpdateCheck = 1530;
				LastUpgradeCheck = 1530;
				TargetAttributes = {
					793B21A42BAD08C4001AC549 = {
						CreatedOnToolsVersion = 15.3;
					};
				};
			};
			buildConfigurationList = 793B21A02BAD08C4001AC549 /* Build configuration list for PBXProject "DreamLog" */;
			compatibilityVersion = "Xcode 14.0";
			developmentRegion = en;
			hasScannedForEncodings = 0;
			knownRegions = (
				en,
				Base,
			);
			mainGroup = 793B219C2BAD08C4001AC549;
			productRefGroup = 793B21A62BAD08C4001AC549 /* Products */;
			projectDirPath = "";
			projectRoot = "";
			targets = (
				793B21A42BAD08C4001AC549 /* DreamLog */,
			);
		};
/* End PBXProject section */

/* Begin PBXResourcesBuildPhase section */
		793B21A32BAD08C4001AC549 /* Resources */ = {
			isa = PBXResourcesBuildPhase;
			buildActionMask = 2147483647;
			files = (
				793B21B02BAD08C5001AC549 /* Preview Assets.xcassets in Resources */,
				793B21AD2BAD08C5001AC549 /* Assets.xcassets in Resources */,
			);
			runOnlyForDeploymentPostprocessing = 0;
		};
/* End PBXResourcesBuildPhase section */

/* Begin PBXSourcesBuildPhase section */
		793B21A12BAD08C4001AC549 /* Sources */ = {
			isa = PBXSourcesBuildPhase;
			buildActionMask = 2147483647;
			files = (
				793B21B92BAD0939001AC549 /* JournalView.swift in Sources */,
				793B21C12BB00651001AC549 /* SummaryView.swift in Sources */,
				793B21C52BB1485B001AC549 /* ResultView.swift in Sources */,
				793B21C72BB29DEF001AC549 /* ListView.swift in Sources */,
				793B21AB2BAD08C4001AC549 /* ContentView.swift in Sources */,
				793B21BF2BAD1555001AC549 /* WriteView.swift in Sources */,
				793B21BD2BAD0991001AC549 /* MyView.swift in Sources */,
				793B21C92BB29E35001AC549 /* GatherView.swift in Sources */,
				793B21C32BB14566001AC549 /* FullTextView.swift in Sources */,
				793B21BB2BAD098B001AC549 /* CalendarView.swift in Sources */,
				793B21A92BAD08C4001AC549 /* DreamLogApp.swift in Sources */,
			);
			runOnlyForDeploymentPostprocessing = 0;
		};
/* End PBXSourcesBuildPhase section */

/* Begin XCBuildConfiguration section */
		793B21B12BAD08C5001AC549 /* Debug */ = {
			isa = XCBuildConfiguration;
			buildSettings = {
				ALWAYS_SEARCH_USER_PATHS = NO;
				ASSETCATALOG_COMPILER_GENERATE_SWIFT_ASSET_SYMBOL_EXTENSIONS = YES;
				CLANG_ANALYZER_NONNULL = YES;
				CLANG_ANALYZER_NUMBER_OBJECT_CONVERSION = YES_AGGRESSIVE;
				CLANG_CXX_LANGUAGE_STANDARD = "gnu++20";
				CLANG_ENABLE_MODULES = YES;
				CLANG_ENABLE_OBJC_ARC = YES;
				CLANG_ENABLE_OBJC_WEAK = YES;
				CLANG_WARN_BLOCK_CAPTURE_AUTORELEASING = YES;
				CLANG_WARN_BOOL_CONVERSION = YES;
				CLANG_WARN_COMMA = YES;
				CLANG_WARN_CONSTANT_CONVERSION = YES;
				CLANG_WARN_DEPRECATED_OBJC_IMPLEMENTATIONS = YES;
				CLANG_WARN_DIRECT_OBJC_ISA_USAGE = YES_ERROR;
				CLANG_WARN_DOCUMENTATION_COMMENTS = YES;
				CLANG_WARN_EMPTY_BODY = YES;
				CLANG_WARN_ENUM_CONVERSION = YES;
				CLANG_WARN_INFINITE_RECURSION = YES;
				CLANG_WARN_INT_CONVERSION = YES;
				CLANG_WARN_NON_LITERAL_NULL_CONVERSION = YES;
				CLANG_WARN_OBJC_IMPLICIT_RETAIN_SELF = YES;
				CLANG_WARN_OBJC_LITERAL_CONVERSION = YES;
				CLANG_WARN_OBJC_ROOT_CLASS = YES_ERROR;
				CLANG_WARN_QUOTED_INCLUDE_IN_FRAMEWORK_HEADER = YES;
				CLANG_WARN_RANGE_LOOP_ANALYSIS = YES;
				CLANG_WARN_STRICT_PROTOTYPES = YES;
				CLANG_WARN_SUSPICIOUS_MOVE = YES;
				CLANG_WARN_UNGUARDED_AVAILABILITY = YES_AGGRESSIVE;
				CLANG_WARN_UNREACHABLE_CODE = YES;
				CLANG_WARN__DUPLICATE_METHOD_MATCH = YES;
				COPY_PHASE_STRIP = NO;
				DEBUG_INFORMATION_FORMAT = dwarf;
				ENABLE_STRICT_OBJC_MSGSEND = YES;
				ENABLE_TESTABILITY = YES;
				ENABLE_USER_SCRIPT_SANDBOXING = YES;
				GCC_C_LANGUAGE_STANDARD = gnu17;
				GCC_DYNAMIC_NO_PIC = NO;
				GCC_NO_COMMON_BLOCKS = YES;
				GCC_OPTIMIZATION_LEVEL = 0;
				GCC_PREPROCESSOR_DEFINITIONS = (
					"DEBUG=1",
					"$(inherited)",
				);
				GCC_WARN_64_TO_32_BIT_CONVERSION = YES;
				GCC_WARN_ABOUT_RETURN_TYPE = YES_ERROR;
				GCC_WARN_UNDECLARED_SELECTOR = YES;
				GCC_WARN_UNINITIALIZED_AUTOS = YES_AGGRESSIVE;
				GCC_WARN_UNUSED_FUNCTION = YES;
				GCC_WARN_UNUSED_VARIABLE = YES;
				IPHONEOS_DEPLOYMENT_TARGET = 17.4;
				LOCALIZATION_PREFERS_STRING_CATALOGS = YES;
				MTL_ENABLE_DEBUG_INFO = INCLUDE_SOURCE;
				MTL_FAST_MATH = YES;
				ONLY_ACTIVE_ARCH = YES;
				SDKROOT = iphoneos;
				SWIFT_ACTIVE_COMPILATION_CONDITIONS = "DEBUG $(inherited)";
				SWIFT_OPTIMIZATION_LEVEL = "-Onone";
			};
			name = Debug;
		};
		793B21B22BAD08C5001AC549 /* Release */ = {
			isa = XCBuildConfiguration;
			buildSettings = {
				ALWAYS_SEARCH_USER_PATHS = NO;
				ASSETCATALOG_COMPILER_GENERATE_SWIFT_ASSET_SYMBOL_EXTENSIONS = YES;
				CLANG_ANALYZER_NONNULL = YES;
				CLANG_ANALYZER_NUMBER_OBJECT_CONVERSION = YES_AGGRESSIVE;
				CLANG_CXX_LANGUAGE_STANDARD = "gnu++20";
				CLANG_ENABLE_MODULES = YES;
				CLANG_ENABLE_OBJC_ARC = YES;
				CLANG_ENABLE_OBJC_WEAK = YES;
				CLANG_WARN_BLOCK_CAPTURE_AUTORELEASING = YES;
				CLANG_WARN_BOOL_CONVERSION = YES;
				CLANG_WARN_COMMA = YES;
				CLANG_WARN_CONSTANT_CONVERSION = YES;
				CLANG_WARN_DEPRECATED_OBJC_IMPLEMENTATIONS = YES;
				CLANG_WARN_DIRECT_OBJC_ISA_USAGE = YES_ERROR;
				CLANG_WARN_DOCUMENTATION_COMMENTS = YES;
				CLANG_WARN_EMPTY_BODY = YES;
				CLANG_WARN_ENUM_CONVERSION = YES;
				CLANG_WARN_INFINITE_RECURSION = YES;
				CLANG_WARN_INT_CONVERSION = YES;
				CLANG_WARN_NON_LITERAL_NULL_CONVERSION = YES;
				CLANG_WARN_OBJC_IMPLICIT_RETAIN_SELF = YES;
				CLANG_WARN_OBJC_LITERAL_CONVERSION = YES;
				CLANG_WARN_OBJC_ROOT_CLASS = YES_ERROR;
				CLANG_WARN_QUOTED_INCLUDE_IN_FRAMEWORK_HEADER = YES;
				CLANG_WARN_RANGE_LOOP_ANALYSIS = YES;
				CLANG_WARN_STRICT_PROTOTYPES = YES;
				CLANG_WARN_SUSPICIOUS_MOVE = YES;
				CLANG_WARN_UNGUARDED_AVAILABILITY = YES_AGGRESSIVE;
				CLANG_WARN_UNREACHABLE_CODE = YES;
				CLANG_WARN__DUPLICATE_METHOD_MATCH = YES;
				COPY_PHASE_STRIP = NO;
				DEBUG_INFORMATION_FORMAT = "dwarf-with-dsym";
				ENABLE_NS_ASSERTIONS = NO;
				ENABLE_STRICT_OBJC_MSGSEND = YES;
				ENABLE_USER_SCRIPT_SANDBOXING = YES;
				GCC_C_LANGUAGE_STANDARD = gnu17;
				GCC_NO_COMMON_BLOCKS = YES;
				GCC_WARN_64_TO_32_BIT_CONVERSION = YES;
				GCC_WARN_ABOUT_RETURN_TYPE = YES_ERROR;
				GCC_WARN_UNDECLARED_SELECTOR = YES;
				GCC_WARN_UNINITIALIZED_AUTOS = YES_AGGRESSIVE;
				GCC_WARN_UNUSED_FUNCTION = YES;
				GCC_WARN_UNUSED_VARIABLE = YES;
				IPHONEOS_DEPLOYMENT_TARGET = 17.4;
				LOCALIZATION_PREFERS_STRING_CATALOGS = YES;
				MTL_ENABLE_DEBUG_INFO = NO;
				MTL_FAST_MATH = YES;
				SDKROOT = iphoneos;
				SWIFT_COMPILATION_MODE = wholemodule;
				VALIDATE_PRODUCT = YES;
			};
			name = Release;
		};
		793B21B42BAD08C5001AC549 /* Debug */ = {
			isa = XCBuildConfiguration;
			buildSettings = {
				ASSETCATALOG_COMPILER_APPICON_NAME = AppIcon;
				ASSETCATALOG_COMPILER_GLOBAL_ACCENT_COLOR_NAME = AccentColor;
				CODE_SIGN_STYLE = Automatic;
				CURRENT_PROJECT_VERSION = 1;
				DEVELOPMENT_ASSET_PATHS = "\"DreamLog/Preview Content\"";
				DEVELOPMENT_TEAM = MXGCKXDXUM;
				ENABLE_PREVIEWS = YES;
				GENERATE_INFOPLIST_FILE = YES;
				INFOPLIST_KEY_UIApplicationSceneManifest_Generation = YES;
				INFOPLIST_KEY_UIApplicationSupportsIndirectInputEvents = YES;
				INFOPLIST_KEY_UILaunchScreen_Generation = YES;
				INFOPLIST_KEY_UISupportedInterfaceOrientations_iPad = "UIInterfaceOrientationPortrait UIInterfaceOrientationPortraitUpsideDown UIInterfaceOrientationLandscapeLeft UIInterfaceOrientationLandscapeRight";
				INFOPLIST_KEY_UISupportedInterfaceOrientations_iPhone = "UIInterfaceOrientationPortrait UIInterfaceOrientationLandscapeLeft UIInterfaceOrientationLandscapeRight";
				LD_RUNPATH_SEARCH_PATHS = (
					"$(inherited)",
					"@executable_path/Frameworks",
				);
				MARKETING_VERSION = 1.0;
				PRODUCT_BUNDLE_IDENTIFIER = me.woohyun.jo.DreamLog;
				PRODUCT_NAME = "$(TARGET_NAME)";
				SWIFT_EMIT_LOC_STRINGS = YES;
				SWIFT_VERSION = 5.0;
				TARGETED_DEVICE_FAMILY = "1,2";
			};
			name = Debug;
		};
		793B21B52BAD08C5001AC549 /* Release */ = {
			isa = XCBuildConfiguration;
			buildSettings = {
				ASSETCATALOG_COMPILER_APPICON_NAME = AppIcon;
				ASSETCATALOG_COMPILER_GLOBAL_ACCENT_COLOR_NAME = AccentColor;
				CODE_SIGN_STYLE = Automatic;
				CURRENT_PROJECT_VERSION = 1;
				DEVELOPMENT_ASSET_PATHS = "\"DreamLog/Preview Content\"";
				DEVELOPMENT_TEAM = MXGCKXDXUM;
				ENABLE_PREVIEWS = YES;
				GENERATE_INFOPLIST_FILE = YES;
				INFOPLIST_KEY_UIApplicationSceneManifest_Generation = YES;
				INFOPLIST_KEY_UIApplicationSupportsIndirectInputEvents = YES;
				INFOPLIST_KEY_UILaunchScreen_Generation = YES;
				INFOPLIST_KEY_UISupportedInterfaceOrientations_iPad = "UIInterfaceOrientationPortrait UIInterfaceOrientationPortraitUpsideDown UIInterfaceOrientationLandscapeLeft UIInterfaceOrientationLandscapeRight";
				INFOPLIST_KEY_UISupportedInterfaceOrientations_iPhone = "UIInterfaceOrientationPortrait UIInterfaceOrientationLandscapeLeft UIInterfaceOrientationLandscapeRight";
				LD_RUNPATH_SEARCH_PATHS = (
					"$(inherited)",
					"@executable_path/Frameworks",
				);
				MARKETING_VERSION = 1.0;
				PRODUCT_BUNDLE_IDENTIFIER = me.woohyun.jo.DreamLog;
				PRODUCT_NAME = "$(TARGET_NAME)";
				SWIFT_EMIT_LOC_STRINGS = YES;
				SWIFT_VERSION = 5.0;
				TARGETED_DEVICE_FAMILY = "1,2";
			};
			name = Release;
		};
/* End XCBuildConfiguration section */

/* Begin XCConfigurationList section */
		793B21A02BAD08C4001AC549 /* Build configuration list for PBXProject "DreamLog" */ = {
			isa = XCConfigurationList;
			buildConfigurations = (
				793B21B12BAD08C5001AC549 /* Debug */,
				793B21B22BAD08C5001AC549 /* Release */,
			);
			defaultConfigurationIsVisible = 0;
			defaultConfigurationName = Release;
		};
		793B21B32BAD08C5001AC549 /* Build configuration list for PBXNativeTarget "DreamLog" */ = {
			isa = XCConfigurationList;
			buildConfigurations = (
				793B21B42BAD08C5001AC549 /* Debug */,
				793B21B52BAD08C5001AC549 /* Release */,
			);
			defaultConfigurationIsVisible = 0;
			defaultConfigurationName = Release;
		};
/* End XCConfigurationList section */
	};
	rootObject = 793B219D2BAD08C4001AC549 /* Project object */;
}
